
Microsoft Visual Studio Solution File, Format Version 12.00
# Visual Studio Version 17
VisualStudioVersion = 17.5.33516.290
MinimumVisualStudioVersion = 10.0.40219.1
Project("{9A19103F-16F7-4668-BE54-9A1E7A4F7556}") = "ChatBot", "ChatBot\ChatBot.csproj", "{AF9D0D38-057C-4B1C-B2E3-E6F6D9852975}"
EndProject
Project("{9A19103F-16F7-4668-BE54-9A1E7A4F7556}") = "OpenAiCore", "OpenAiCore\OpenAiCore.csproj", "{6844DA78-DC90-4C89-AC28-89223BA9A46F}"
EndProject
Project("{9A19103F-16F7-4668-BE54-9A1E7A4F7556}") = "OpenAI.UnitTests", "OpenAI.UnitTests\OpenAI.UnitTests.csproj", "{7F024A43-B2A4-44C6-A3BF-399E7BC5E823}"
EndProject
Global
	GlobalSection(SolutionConfigurationPlatforms) = preSolution
		Debug|Any CPU = Debug|Any CPU
		Release|Any CPU = Release|Any CPU
	EndGlobalSection
	GlobalSection(ProjectConfigurationPlatforms) = postSolution
		{AF9D0D38-057C-4B1C-B2E3-E6F6D9852975}.Debug|Any CPU.ActiveCfg = Debug|Any CPU
		{AF9D0D38-057C-4B1C-B2E3-E6F6D9852975}.Debug|Any CPU.Build.0 = Debug|Any CPU
		{AF9D0D38-057C-4B1C-B2E3-E6F6D9852975}.Release|Any CPU.ActiveCfg = Release|Any CPU
		{AF9D0D38-057C-4B1C-B2E3-E6F6D9852975}.Release|Any CPU.Build.0 = Release|Any CPU
		{6844DA78-DC90-4C89-AC28-89223BA9A46F}.Debug|Any CPU.ActiveCfg = Debug|Any CPU
		{6844DA78-DC90-4C89-AC28-89223BA9A46F}.Debug|Any CPU.Build.0 = Debug|Any CPU
		{6844DA78-DC90-4C89-AC28-89223BA9A46F}.Release|Any CPU.ActiveCfg = Release|Any CPU
		{6844DA78-DC90-4C89-AC28-89223BA9A46F}.Release|Any CPU.Build.0 = Release|Any CPU
		{7F024A43-B2A4-44C6-A3BF-399E7BC5E823}.Debug|Any CPU.ActiveCfg = Debug|Any CPU
		{7F024A43-B2A4-44C6-A3BF-399E7BC5E823}.Debug|Any CPU.Build.0 = Debug|Any CPU
		{7F024A43-B2A4-44C6-A3BF-399E7BC5E823}.Release|Any CPU.ActiveCfg = Release|Any CPU
		{7F024A43-B2A4-44C6-A3BF-399E7BC5E823}.Release|Any CPU.Build.0 = Release|Any CPU
	EndGlobalSection
	GlobalSection(SolutionProperties) = preSolution
		HideSolutionNode = FALSE
	EndGlobalSection
	GlobalSection(ExtensibilityGlobals) = postSolution
		SolutionGuid = {A7224642-2514-4ED9-8835-8EF13FB20080}
	EndGlobalSection
EndGlobal
